// !$*UTF8*$!
{
	archiveVersion = 1;
	classes = {
	};
	objectVersion = 50;
	objects = {

/* Begin PBXBuildFile section */
		FF0D59B52477165500203640 /* AppDelegate.swift in Sources */ = {isa = PBXBuildFile; fileRef = FF0D59B42477165500203640 /* AppDelegate.swift */; };
		FF0D59B72477165500203640 /* SceneDelegate.swift in Sources */ = {isa = PBXBuildFile; fileRef = FF0D59B62477165500203640 /* SceneDelegate.swift */; };
		FF0D59B92477165500203640 /* ViewController.swift in Sources */ = {isa = PBXBuildFile; fileRef = FF0D59B82477165500203640 /* ViewController.swift */; };
		FF0D59BC2477165500203640 /* Main.storyboard in Resources */ = {isa = PBXBuildFile; fileRef = FF0D59BA2477165500203640 /* Main.storyboard */; };
		FF0D59BF2477165500203640 /* Where2Eat.xcdatamodeld in Sources */ = {isa = PBXBuildFile; fileRef = FF0D59BD2477165500203640 /* Where2Eat.xcdatamodeld */; };
		FF0D59C12477165700203640 /* Assets.xcassets in Resources */ = {isa = PBXBuildFile; fileRef = FF0D59C02477165700203640 /* Assets.xcassets */; };
		FF0D59C42477165700203640 /* LaunchScreen.storyboard in Resources */ = {isa = PBXBuildFile; fileRef = FF0D59C22477165700203640 /* LaunchScreen.storyboard */; };
		FF0D59CC2477233900203640 /* Pacifico-Regular.ttf in Resources */ = {isa = PBXBuildFile; fileRef = FF0D59CB2477233900203640 /* Pacifico-Regular.ttf */; };
		FF0D59CE2477236900203640 /* Montserrat-Regular.ttf in Resources */ = {isa = PBXBuildFile; fileRef = FF0D59CD2477236900203640 /* Montserrat-Regular.ttf */; };
		FF0D59D024772CF500203640 /* Where2EatViewController.swift in Sources */ = {isa = PBXBuildFile; fileRef = FF0D59CF24772CF500203640 /* Where2EatViewController.swift */; };
/* End PBXBuildFile section */

/* Begin PBXFileReference section */
		FF0D59B12477165500203640 /* Where2Eat.app */ = {isa = PBXFileReference; explicitFileType = wrapper.application; includeInIndex = 0; path = Where2Eat.app; sourceTree = BUILT_PRODUCTS_DIR; };
		FF0D59B42477165500203640 /* AppDelegate.swift */ = {isa = PBXFileReference; lastKnownFileType = sourcecode.swift; path = AppDelegate.swift; sourceTree = "<group>"; };
		FF0D59B62477165500203640 /* SceneDelegate.swift */ = {isa = PBXFileReference; lastKnownFileType = sourcecode.swift; path = SceneDelegate.swift; sourceTree = "<group>"; };
		FF0D59B82477165500203640 /* ViewController.swift */ = {isa = PBXFileReference; lastKnownFileType = sourcecode.swift; path = ViewController.swift; sourceTree = "<group>"; };
		FF0D59BB2477165500203640 /* Base */ = {isa = PBXFileReference; lastKnownFileType = file.storyboard; name = Base; path = Base.lproj/Main.storyboard; sourceTree = "<group>"; };
		FF0D59BE2477165500203640 /* Where2Eat.xcdatamodel */ = {isa = PBXFileReference; lastKnownFileType = wrapper.xcdatamodel; path = Where2Eat.xcdatamodel; sourceTree = "<group>"; };
		FF0D59C02477165700203640 /* Assets.xcassets */ = {isa = PBXFileReference; lastKnownFileType = folder.assetcatalog; path = Assets.xcassets; sourceTree = "<group>"; };
		FF0D59C32477165700203640 /* Base */ = {isa = PBXFileReference; lastKnownFileType = file.storyboard; name = Base; path = Base.lproj/LaunchScreen.storyboard; sourceTree = "<group>"; };
		FF0D59C52477165700203640 /* Info.plist */ = {isa = PBXFileReference; lastKnownFileType = text.plist.xml; path = Info.plist; sourceTree = "<group>"; };
		FF0D59CB2477233900203640 /* Pacifico-Regular.ttf */ = {isa = PBXFileReference; lastKnownFileType = file; name = "Pacifico-Regular.ttf"; path = "../../../../Downloads/Pacifico/Pacifico-Regular.ttf"; sourceTree = "<group>"; };
		FF0D59CD2477236900203640 /* Montserrat-Regular.ttf */ = {isa = PBXFileReference; lastKnownFileType = file; name = "Montserrat-Regular.ttf"; path = "../../../../Downloads/Montserrat/Montserrat-Regular.ttf"; sourceTree = "<group>"; };
		FF0D59CF24772CF500203640 /* Where2EatViewController.swift */ = {isa = PBXFileReference; lastKnownFileType = sourcecode.swift; path = Where2EatViewController.swift; sourceTree = "<group>"; };
/* End PBXFileReference section */

/* Begin PBXFrameworksBuildPhase section */
		FF0D59AE2477165500203640 /* Frameworks */ = {
			isa = PBXFrameworksBuildPhase;
			buildActionMask = 2147483647;
			files = (
			);
			runOnlyForDeploymentPostprocessing = 0;
		};
/* End PBXFrameworksBuildPhase section */

/* Begin PBXGroup section */
		FF0D59A82477165500203640 = {
			isa = PBXGroup;
			children = (
				FF0D59B32477165500203640 /* Where2Eat */,
				FF0D59B22477165500203640 /* Products */,
			);
			sourceTree = "<group>";
		};
		FF0D59B22477165500203640 /* Products */ = {
			isa = PBXGroup;
			children = (
				FF0D59B12477165500203640 /* Where2Eat.app */,
			);
			name = Products;
			sourceTree = "<group>";
		};
		FF0D59B32477165500203640 /* Where2Eat */ = {
			isa = PBXGroup;
			children = (
				FF0D59B42477165500203640 /* AppDelegate.swift */,
				FF0D59B62477165500203640 /* SceneDelegate.swift */,
				FF0D59B82477165500203640 /* ViewController.swift */,
				FF0D59BA2477165500203640 /* Main.storyboard */,
				FF0D59CF24772CF500203640 /* Where2EatViewController.swift */,
				FF0D59C02477165700203640 /* Assets.xcassets */,
				FF0D59CB2477233900203640 /* Pacifico-Regular.ttf */,
				FF0D59CD2477236900203640 /* Montserrat-Regular.ttf */,
				FF0D59C22477165700203640 /* LaunchScreen.storyboard */,
				FF0D59C52477165700203640 /* Info.plist */,
				FF0D59BD2477165500203640 /* Where2Eat.xcdatamodeld */,
			);
			path = Where2Eat;
			sourceTree = "<group>";
		};
/* End PBXGroup section */

/* Begin PBXNativeTarget section */
		FF0D59B02477165500203640 /* Where2Eat */ = {
			isa = PBXNativeTarget;
			buildConfigurationList = FF0D59C82477165700203640 /* Build configuration list for PBXNativeTarget "Where2Eat" */;
			buildPhases = (
				FF0D59AD2477165500203640 /* Sources */,
				FF0D59AE2477165500203640 /* Frameworks */,
				FF0D59AF2477165500203640 /* Resources */,
			);
			buildRules = (
			);
			dependencies = (
			);
			name = Where2Eat;
			productName = Where2Eat;
			productReference = FF0D59B12477165500203640 /* Where2Eat.app */;
			productType = "com.apple.product-type.application";
		};
/* End PBXNativeTarget section */

/* Begin PBXProject section */
		FF0D59A92477165500203640 /* Project object */ = {
			isa = PBXProject;
			attributes = {
				LastSwiftUpdateCheck = 1150;
				LastUpgradeCheck = 1150;
				ORGANIZATIONNAME = "Ashanti Williams";
				TargetAttributes = {
					FF0D59B02477165500203640 = {
						CreatedOnToolsVersion = 11.5;
					};
				};
			};
			buildConfigurationList = FF0D59AC2477165500203640 /* Build configuration list for PBXProject "Where2Eat" */;
			compatibilityVersion = "Xcode 9.3";
			developmentRegion = en;
			hasScannedForEncodings = 0;
			knownRegions = (
				en,
				Base,
			);
			mainGroup = FF0D59A82477165500203640;
			productRefGroup = FF0D59B22477165500203640 /* Products */;
			projectDirPath = "";
			projectRoot = "";
			targets = (
				FF0D59B02477165500203640 /* Where2Eat */,
			);
		};
/* End PBXProject section */

/* Begin PBXResourcesBuildPhase section */
		FF0D59AF2477165500203640 /* Resources */ = {
			isa = PBXResourcesBuildPhase;
			buildActionMask = 2147483647;
			files = (
				FF0D59C42477165700203640 /* LaunchScreen.storyboard in Resources */,
				FF0D59CC2477233900203640 /* Pacifico-Regular.ttf in Resources */,
				FF0D59C12477165700203640 /* Assets.xcassets in Resources */,
				FF0D59CE2477236900203640 /* Montserrat-Regular.ttf in Resources */,
				FF0D59BC2477165500203640 /* Main.storyboard in Resources */,
			);
			runOnlyForDeploymentPostprocessing = 0;
		};
/* End PBXResourcesBuildPhase section */

/* Begin PBXSourcesBuildPhase section */
		FF0D59AD2477165500203640 /* Sources */ = {
			isa = PBXSourcesBuildPhase;
			buildActionMask = 2147483647;
			files = (
				FF0D59B92477165500203640 /* ViewController.swift in Sources */,
				FF0D59BF2477165500203640 /* Where2Eat.xcdatamodeld in Sources */,
				FF0D59B52477165500203640 /* AppDelegate.swift in Sources */,
				FF0D59D024772CF500203640 /* Where2EatViewController.swift in Sources */,
				FF0D59B72477165500203640 /* SceneDelegate.swift in Sources */,
			);
			runOnlyForDeploymentPostprocessing = 0;
		};
/* End PBXSourcesBuildPhase section */

/* Begin PBXVariantGroup section */
		FF0D59BA2477165500203640 /* Main.storyboard */ = {
			isa = PBXVariantGroup;
			children = (
				FF0D59BB2477165500203640 /* Base */,
			);
			name = Main.storyboard;
			sourceTree = "<group>";
		};
		FF0D59C22477165700203640 /* LaunchScreen.storyboard */ = {
			isa = PBXVariantGroup;
			children = (
				FF0D59C32477165700203640 /* Base */,
			);
			name = LaunchScreen.storyboard;
			sourceTree = "<group>";
		};
/* End PBXVariantGroup section */

/* Begin XCBuildConfiguration section */
		FF0D59C62477165700203640 /* Debug */ = {
			isa = XCBuildConfiguration;
			buildSettings = {
				ALWAYS_SEARCH_USER_PATHS = NO;
				CLANG_ANALYZER_NONNULL = YES;
				CLANG_ANALYZER_NUMBER_OBJECT_CONVERSION = YES_AGGRESSIVE;
				CLANG_CXX_LANGUAGE_STANDARD = "gnu++14";
				CLANG_CXX_LIBRARY = "libc++";
				CLANG_ENABLE_MODULES = YES;
				CLANG_ENABLE_OBJC_ARC = YES;
				CLANG_ENABLE_OBJC_WEAK = YES;
				CLANG_WARN_BLOCK_CAPTURE_AUTORELEASING = YES;
				CLANG_WARN_BOOL_CONVERSION = YES;
				CLANG_WARN_COMMA = YES;
				CLANG_WARN_CONSTANT_CONVERSION = YES;
				CLANG_WARN_DEPRECATED_OBJC_IMPLEMENTATIONS = YES;
				CLANG_WARN_DIRECT_OBJC_ISA_USAGE = YES_ERROR;
				CLANG_WARN_DOCUMENTATION_COMMENTS = YES;
				CLANG_WARN_EMPTY_BODY = YES;
				CLANG_WARN_ENUM_CONVERSION = YES;
				CLANG_WARN_INFINITE_RECURSION = YES;
				CLANG_WARN_INT_CONVERSION = YES;
				CLANG_WARN_NON_LITERAL_NULL_CONVERSION = YES;
				CLANG_WARN_OBJC_IMPLICIT_RETAIN_SELF = YES;
				CLANG_WARN_OBJC_LITERAL_CONVERSION = YES;
				CLANG_WARN_OBJC_ROOT_CLASS = YES_ERROR;
				CLANG_WARN_RANGE_LOOP_ANALYSIS = YES;
				CLANG_WARN_STRICT_PROTOTYPES = YES;
				CLANG_WARN_SUSPICIOUS_MOVE = YES;
				CLANG_WARN_UNGUARDED_AVAILABILITY = YES_AGGRESSIVE;
				CLANG_WARN_UNREACHABLE_CODE = YES;
				CLANG_WARN__DUPLICATE_METHOD_MATCH = YES;
				COPY_PHASE_STRIP = NO;
				DEBUG_INFORMATION_FORMAT = dwarf;
				ENABLE_STRICT_OBJC_MSGSEND = YES;
				ENABLE_TESTABILITY = YES;
				GCC_C_LANGUAGE_STANDARD = gnu11;
				GCC_DYNAMIC_NO_PIC = NO;
				GCC_NO_COMMON_BLOCKS = YES;
				GCC_OPTIMIZATION_LEVEL = 0;
				GCC_PREPROCESSOR_DEFINITIONS = (
					"DEBUG=1",
					"$(inherited)",
				);
				GCC_WARN_64_TO_32_BIT_CONVERSION = YES;
				GCC_WARN_ABOUT_RETURN_TYPE = YES_ERROR;
				GCC_WARN_UNDECLARED_SELECTOR = YES;
				GCC_WARN_UNINITIALIZED_AUTOS = YES_AGGRESSIVE;
				GCC_WARN_UNUSED_FUNCTION = YES;
				GCC_WARN_UNUSED_VARIABLE = YES;
				IPHONEOS_DEPLOYMENT_TARGET = 13.5;
				MTL_ENABLE_DEBUG_INFO = INCLUDE_SOURCE;
				MTL_FAST_MATH = YES;
				ONLY_ACTIVE_ARCH = YES;
				SDKROOT = iphoneos;
				SWIFT_ACTIVE_COMPILATION_CONDITIONS = DEBUG;
				SWIFT_OPTIMIZATION_LEVEL = "-Onone";
			};
			name = Debug;
		};
		FF0D59C72477165700203640 /* Release */ = {
			isa = XCBuildConfiguration;
			buildSettings = {
				ALWAYS_SEARCH_USER_PATHS = NO;
				CLANG_ANALYZER_NONNULL = YES;
				CLANG_ANALYZER_NUMBER_OBJECT_CONVERSION = YES_AGGRESSIVE;
				CLANG_CXX_LANGUAGE_STANDARD = "gnu++14";
				CLANG_CXX_LIBRARY = "libc++";
				CLANG_ENABLE_MODULES = YES;
				CLANG_ENABLE_OBJC_ARC = YES;
				CLANG_ENABLE_OBJC_WEAK = YES;
				CLANG_WARN_BLOCK_CAPTURE_AUTORELEASING = YES;
				CLANG_WARN_BOOL_CONVERSION = YES;
				CLANG_WARN_COMMA = YES;
				CLANG_WARN_CONSTANT_CONVERSION = YES;
				CLANG_WARN_DEPRECATED_OBJC_IMPLEMENTATIONS = YES;
				CLANG_WARN_DIRECT_OBJC_ISA_USAGE = YES_ERROR;
				CLANG_WARN_DOCUMENTATION_COMMENTS = YES;
				CLANG_WARN_EMPTY_BODY = YES;
				CLANG_WARN_ENUM_CONVERSION = YES;
				CLANG_WARN_INFINITE_RECURSION = YES;
				CLANG_WARN_INT_CONVERSION = YES;
				CLANG_WARN_NON_LITERAL_NULL_CONVERSION = YES;
				CLANG_WARN_OBJC_IMPLICIT_RETAIN_SELF = YES;
				CLANG_WARN_OBJC_LITERAL_CONVERSION = YES;
				CLANG_WARN_OBJC_ROOT_CLASS = YES_ERROR;
				CLANG_WARN_RANGE_LOOP_ANALYSIS = YES;
				CLANG_WARN_STRICT_PROTOTYPES = YES;
				CLANG_WARN_SUSPICIOUS_MOVE = YES;
				CLANG_WARN_UNGUARDED_AVAILABILITY = YES_AGGRESSIVE;
				CLANG_WARN_UNREACHABLE_CODE = YES;
				CLANG_WARN__DUPLICATE_METHOD_MATCH = YES;
				COPY_PHASE_STRIP = NO;
				DEBUG_INFORMATION_FORMAT = "dwarf-with-dsym";
				ENABLE_NS_ASSERTIONS = NO;
				ENABLE_STRICT_OBJC_MSGSEND = YES;
				GCC_C_LANGUAGE_STANDARD = gnu11;
				GCC_NO_COMMON_BLOCKS = YES;
				GCC_WARN_64_TO_32_BIT_CONVERSION = YES;
				GCC_WARN_ABOUT_RETURN_TYPE = YES_ERROR;
				GCC_WARN_UNDECLARED_SELECTOR = YES;
				GCC_WARN_UNINITIALIZED_AUTOS = YES_AGGRESSIVE;
				GCC_WARN_UNUSED_FUNCTION = YES;
				GCC_WARN_UNUSED_VARIABLE = YES;
				IPHONEOS_DEPLOYMENT_TARGET = 13.5;
				MTL_ENABLE_DEBUG_INFO = NO;
				MTL_FAST_MATH = YES;
				SDKROOT = iphoneos;
				SWIFT_COMPILATION_MODE = wholemodule;
				SWIFT_OPTIMIZATION_LEVEL = "-O";
				VALIDATE_PRODUCT = YES;
			};
			name = Release;
		};
		FF0D59C92477165700203640 /* Debug */ = {
			isa = XCBuildConfiguration;
			buildSettings = {
				ASSETCATALOG_COMPILER_APPICON_NAME = AppIcon;
				CODE_SIGN_STYLE = Automatic;
				DEVELOPMENT_TEAM = 79Q6363ZJD;
				INFOPLIST_FILE = Where2Eat/Info.plist;
				LD_RUNPATH_SEARCH_PATHS = (
					"$(inherited)",
					"@executable_path/Frameworks",
				);
				PRODUCT_BUNDLE_IDENTIFIER = ashantiwill94.Where2Eat;
				PRODUCT_NAME = "$(TARGET_NAME)";
				SWIFT_VERSION = 5.0;
				TARGETED_DEVICE_FAMILY = "1,2";
			};
			name = Debug;
		};
		FF0D59CA2477165700203640 /* Release */ = {
			isa = XCBuildConfiguration;
			buildSettings = {
				ASSETCATALOG_COMPILER_APPICON_NAME = AppIcon;
				CODE_SIGN_STYLE = Automatic;
				DEVELOPMENT_TEAM = 79Q6363ZJD;
				INFOPLIST_FILE = Where2Eat/Info.plist;
				LD_RUNPATH_SEARCH_PATHS = (
					"$(inherited)",
					"@executable_path/Frameworks",
				);
				PRODUCT_BUNDLE_IDENTIFIER = ashantiwill94.Where2Eat;
				PRODUCT_NAME = "$(TARGET_NAME)";
				SWIFT_VERSION = 5.0;
				TARGETED_DEVICE_FAMILY = "1,2";
			};
			name = Release;
		};
/* End XCBuildConfiguration section */

/* Begin XCConfigurationList section */
		FF0D59AC2477165500203640 /* Build configuration list for PBXProject "Where2Eat" */ = {
			isa = XCConfigurationList;
			buildConfigurations = (
				FF0D59C62477165700203640 /* Debug */,
				FF0D59C72477165700203640 /* Release */,
			);
			defaultConfigurationIsVisible = 0;
			defaultConfigurationName = Release;
		};
		FF0D59C82477165700203640 /* Build configuration list for PBXNativeTarget "Where2Eat" */ = {
			isa = XCConfigurationList;
			buildConfigurations = (
				FF0D59C92477165700203640 /* Debug */,
				FF0D59CA2477165700203640 /* Release */,
			);
			defaultConfigurationIsVisible = 0;
			defaultConfigurationName = Release;
		};
/* End XCConfigurationList section */

/* Begin XCVersionGroup section */
		FF0D59BD2477165500203640 /* Where2Eat.xcdatamodeld */ = {
			isa = XCVersionGroup;
			children = (
				FF0D59BE2477165500203640 /* Where2Eat.xcdatamodel */,
			);
			currentVersion = FF0D59BE2477165500203640 /* Where2Eat.xcdatamodel */;
			path = Where2Eat.xcdatamodeld;
			sourceTree = "<group>";
			versionGroupType = wrapper.xcdatamodel;
		};
/* End XCVersionGroup section */
	};
	rootObject = FF0D59A92477165500203640 /* Project object */;
}
